
Microsoft Visual Studio Solution File, Format Version 12.00
# Visual Studio Version 17
VisualStudioVersion = 17.11.35327.3
MinimumVisualStudioVersion = 10.0.40219.1
Project("{9A19103F-16F7-4668-BE54-9A1E7A4F7556}") = "Stage0", "Stage0\Stage0.csproj", "{CCDC2A97-E843-4E8D-B24E-1B872FC46441}"
EndProject
Project("{2150E333-8FDC-42A3-9474-1A3956D46DE8}") = "Solution Items", "Solution Items", "{AE816C89-71F3-456C-9E53-16DFDB195C95}"
	ProjectSection(SolutionItems) = preProject
		README.md = README.md
	EndProjectSection
EndProject
Project("{9A19103F-16F7-4668-BE54-9A1E7A4F7556}") = "DalFacade", "DalFacade\DalFacade.csproj", "{15CB4320-6155-4694-89D5-3427ECDF85A9}"
EndProject
Project("{FAE04EC0-301F-11D3-BF4B-00C04F79EFBC}") = "DalList", "DalList\DalList.csproj", "{00E4E401-4E26-4AAC-92BF-DEAC9B6B193A}"
EndProject
Global
	GlobalSection(SolutionConfigurationPlatforms) = preSolution
		Debug|Any CPU = Debug|Any CPU
		Release|Any CPU = Release|Any CPU
	EndGlobalSection
	GlobalSection(ProjectConfigurationPlatforms) = postSolution
		{CCDC2A97-E843-4E8D-B24E-1B872FC46441}.Debug|Any CPU.ActiveCfg = Debug|Any CPU
		{CCDC2A97-E843-4E8D-B24E-1B872FC46441}.Debug|Any CPU.Build.0 = Debug|Any CPU
		{CCDC2A97-E843-4E8D-B24E-1B872FC46441}.Release|Any CPU.ActiveCfg = Release|Any CPU
		{CCDC2A97-E843-4E8D-B24E-1B872FC46441}.Release|Any CPU.Build.0 = Release|Any CPU
		{15CB4320-6155-4694-89D5-3427ECDF85A9}.Debug|Any CPU.ActiveCfg = Debug|Any CPU
		{15CB4320-6155-4694-89D5-3427ECDF85A9}.Debug|Any CPU.Build.0 = Debug|Any CPU
		{15CB4320-6155-4694-89D5-3427ECDF85A9}.Release|Any CPU.ActiveCfg = Release|Any CPU
		{15CB4320-6155-4694-89D5-3427ECDF85A9}.Release|Any CPU.Build.0 = Release|Any CPU
		{00E4E401-4E26-4AAC-92BF-DEAC9B6B193A}.Debug|Any CPU.ActiveCfg = Debug|Any CPU
		{00E4E401-4E26-4AAC-92BF-DEAC9B6B193A}.Debug|Any CPU.Build.0 = Debug|Any CPU
		{00E4E401-4E26-4AAC-92BF-DEAC9B6B193A}.Release|Any CPU.ActiveCfg = Release|Any CPU
		{00E4E401-4E26-4AAC-92BF-DEAC9B6B193A}.Release|Any CPU.Build.0 = Release|Any CPU
	EndGlobalSection
	GlobalSection(SolutionProperties) = preSolution
		HideSolutionNode = FALSE
	EndGlobalSection
	GlobalSection(ExtensibilityGlobals) = postSolution
		SolutionGuid = {A7906B52-DEE0-48CA-8D3E-EE31A1EF3F9F}
	EndGlobalSection
EndGlobal
